
Microsoft Visual Studio Solution File, Format Version 12.00
# Visual Studio Version 16
VisualStudioVersion = 16.0.31515.178
MinimumVisualStudioVersion = 10.0.40219.1
Project("{FAE04EC0-301F-11D3-BF4B-00C04F79EFBC}") = "Contacts", "Contacts\Contacts\Contacts.csproj", "{E4A11757-9667-4626-A496-E894F1D2CBD5}"
EndProject
Project("{FAE04EC0-301F-11D3-BF4B-00C04F79EFBC}") = "Contacts.Android", "Contacts\Contacts.Android\Contacts.Android.csproj", "{7D4D976B-E4F1-4BE6-B169-B42DE6F81C3E}"
EndProject
Project("{FAE04EC0-301F-11D3-BF4B-00C04F79EFBC}") = "Contacts.iOS", "Contacts\Contacts.iOS\Contacts.iOS.csproj", "{BA3334FA-62B7-4D03-A3B8-A577529E1DB2}"
EndProject
Global
	GlobalSection(SolutionConfigurationPlatforms) = preSolution
		Ad-Hoc|Any CPU = Ad-Hoc|Any CPU
		Ad-Hoc|iPhone = Ad-Hoc|iPhone
		Ad-Hoc|iPhoneSimulator = Ad-Hoc|iPhoneSimulator
		AppStore|Any CPU = AppStore|Any CPU
		AppStore|iPhone = AppStore|iPhone
		AppStore|iPhoneSimulator = AppStore|iPhoneSimulator
		Debug|Any CPU = Debug|Any CPU
		Debug|iPhone = Debug|iPhone
		Debug|iPhoneSimulator = Debug|iPhoneSimulator
		Release|Any CPU = Release|Any CPU
		Release|iPhone = Release|iPhone
		Release|iPhoneSimulator = Release|iPhoneSimulator
	EndGlobalSection
	GlobalSection(ProjectConfigurationPlatforms) = postSolution
		{E4A11757-9667-4626-A496-E894F1D2CBD5}.Ad-Hoc|Any CPU.ActiveCfg = Debug|Any CPU
		{E4A11757-9667-4626-A496-E894F1D2CBD5}.Ad-Hoc|Any CPU.Build.0 = Debug|Any CPU
		{E4A11757-9667-4626-A496-E894F1D2CBD5}.Ad-Hoc|iPhone.ActiveCfg = Debug|Any CPU
		{E4A11757-9667-4626-A496-E894F1D2CBD5}.Ad-Hoc|iPhone.Build.0 = Debug|Any CPU
		{E4A11757-9667-4626-A496-E894F1D2CBD5}.Ad-Hoc|iPhoneSimulator.ActiveCfg = Debug|Any CPU
		{E4A11757-9667-4626-A496-E894F1D2CBD5}.Ad-Hoc|iPhoneSimulator.Build.0 = Debug|Any CPU
		{E4A11757-9667-4626-A496-E894F1D2CBD5}.AppStore|Any CPU.ActiveCfg = Debug|Any CPU
		{E4A11757-9667-4626-A496-E894F1D2CBD5}.AppStore|Any CPU.Build.0 = Debug|Any CPU
		{E4A11757-9667-4626-A496-E894F1D2CBD5}.AppStore|iPhone.ActiveCfg = Debug|Any CPU
		{E4A11757-9667-4626-A496-E894F1D2CBD5}.AppStore|iPhone.Build.0 = Debug|Any CPU
		{E4A11757-9667-4626-A496-E894F1D2CBD5}.AppStore|iPhoneSimulator.ActiveCfg = Debug|Any CPU
		{E4A11757-9667-4626-A496-E894F1D2CBD5}.AppStore|iPhoneSimulator.Build.0 = Debug|Any CPU
		{E4A11757-9667-4626-A496-E894F1D2CBD5}.Debug|Any CPU.ActiveCfg = Debug|Any CPU
		{E4A11757-9667-4626-A496-E894F1D2CBD5}.Debug|Any CPU.Build.0 = Debug|Any CPU
		{E4A11757-9667-4626-A496-E894F1D2CBD5}.Debug|iPhone.ActiveCfg = Debug|Any CPU
		{E4A11757-9667-4626-A496-E894F1D2CBD5}.Debug|iPhone.Build.0 = Debug|Any CPU
		{E4A11757-9667-4626-A496-E894F1D2CBD5}.Debug|iPhoneSimulator.ActiveCfg = Debug|Any CPU
		{E4A11757-9667-4626-A496-E894F1D2CBD5}.Debug|iPhoneSimulator.Build.0 = Debug|Any CPU
		{E4A11757-9667-4626-A496-E894F1D2CBD5}.Release|Any CPU.ActiveCfg = Release|Any CPU
		{E4A11757-9667-4626-A496-E894F1D2CBD5}.Release|Any CPU.Build.0 = Release|Any CPU
		{E4A11757-9667-4626-A496-E894F1D2CBD5}.Release|iPhone.ActiveCfg = Release|Any CPU
		{E4A11757-9667-4626-A496-E894F1D2CBD5}.Release|iPhone.Build.0 = Release|Any CPU
		{E4A11757-9667-4626-A496-E894F1D2CBD5}.Release|iPhoneSimulator.ActiveCfg = Release|Any CPU
		{E4A11757-9667-4626-A496-E894F1D2CBD5}.Release|iPhoneSimulator.Build.0 = Release|Any CPU
		{7D4D976B-E4F1-4BE6-B169-B42DE6F81C3E}.Ad-Hoc|Any CPU.ActiveCfg = Debug|Any CPU
		{7D4D976B-E4F1-4BE6-B169-B42DE6F81C3E}.Ad-Hoc|Any CPU.Build.0 = Debug|Any CPU
		{7D4D976B-E4F1-4BE6-B169-B42DE6F81C3E}.Ad-Hoc|Any CPU.Deploy.0 = Debug|Any CPU
		{7D4D976B-E4F1-4BE6-B169-B42DE6F81C3E}.Ad-Hoc|iPhone.ActiveCfg = Debug|Any CPU
		{7D4D976B-E4F1-4BE6-B169-B42DE6F81C3E}.Ad-Hoc|iPhone.Build.0 = Debug|Any CPU
		{7D4D976B-E4F1-4BE6-B169-B42DE6F81C3E}.Ad-Hoc|iPhone.Deploy.0 = Debug|Any CPU
		{7D4D976B-E4F1-4BE6-B169-B42DE6F81C3E}.Ad-Hoc|iPhoneSimulator.ActiveCfg = Debug|Any CPU
		{7D4D976B-E4F1-4BE6-B169-B42DE6F81C3E}.Ad-Hoc|iPhoneSimulator.Build.0 = Debug|Any CPU
		{7D4D976B-E4F1-4BE6-B169-B42DE6F81C3E}.Ad-Hoc|iPhoneSimulator.Deploy.0 = Debug|Any CPU
		{7D4D976B-E4F1-4BE6-B169-B42DE6F81C3E}.AppStore|Any CPU.ActiveCfg = Debug|Any CPU
		{7D4D976B-E4F1-4BE6-B169-B42DE6F81C3E}.AppStore|Any CPU.Build.0 = Debug|Any CPU
		{7D4D976B-E4F1-4BE6-B169-B42DE6F81C3E}.AppStore|Any CPU.Deploy.0 = Debug|Any CPU
		{7D4D976B-E4F1-4BE6-B169-B42DE6F81C3E}.AppStore|iPhone.ActiveCfg = Debug|Any CPU
		{7D4D976B-E4F1-4BE6-B169-B42DE6F81C3E}.AppStore|iPhone.Build.0 = Debug|Any CPU
		{7D4D976B-E4F1-4BE6-B169-B42DE6F81C3E}.AppStore|iPhone.Deploy.0 = Debug|Any CPU
		{7D4D976B-E4F1-4BE6-B169-B42DE6F81C3E}.AppStore|iPhoneSimulator.ActiveCfg = Debug|Any CPU
		{7D4D976B-E4F1-4BE6-B169-B42DE6F81C3E}.AppStore|iPhoneSimulator.Build.0 = Debug|Any CPU
		{7D4D976B-E4F1-4BE6-B169-B42DE6F81C3E}.AppStore|iPhoneSimulator.Deploy.0 = Debug|Any CPU
		{7D4D976B-E4F1-4BE6-B169-B42DE6F81C3E}.Debug|Any CPU.ActiveCfg = Debug|Any CPU
		{7D4D976B-E4F1-4BE6-B169-B42DE6F81C3E}.Debug|Any CPU.Build.0 = Debug|Any CPU
		{7D4D976B-E4F1-4BE6-B169-B42DE6F81C3E}.Debug|Any CPU.Deploy.0 = Debug|Any CPU
		{7D4D976B-E4F1-4BE6-B169-B42DE6F81C3E}.Debug|iPhone.ActiveCfg = Debug|Any CPU
		{7D4D976B-E4F1-4BE6-B169-B42DE6F81C3E}.Debug|iPhone.Build.0 = Debug|Any CPU
		{7D4D976B-E4F1-4BE6-B169-B42DE6F81C3E}.Debug|iPhone.Deploy.0 = Debug|Any CPU
		{7D4D976B-E4F1-4BE6-B169-B42DE6F81C3E}.Debug|iPhoneSimulator.ActiveCfg = Debug|Any CPU
		{7D4D976B-E4F1-4BE6-B169-B42DE6F81C3E}.Debug|iPhoneSimulator.Build.0 = Debug|Any CPU
		{7D4D976B-E4F1-4BE6-B169-B42DE6F81C3E}.Debug|iPhoneSimulator.Deploy.0 = Debug|Any CPU
		{7D4D976B-E4F1-4BE6-B169-B42DE6F81C3E}.Release|Any CPU.ActiveCfg = Release|Any CPU
		{7D4D976B-E4F1-4BE6-B169-B42DE6F81C3E}.Release|Any CPU.Build.0 = Release|Any CPU
		{7D4D976B-E4F1-4BE6-B169-B42DE6F81C3E}.Release|Any CPU.Deploy.0 = Release|Any CPU
		{7D4D976B-E4F1-4BE6-B169-B42DE6F81C3E}.Release|iPhone.ActiveCfg = Release|Any CPU
		{7D4D976B-E4F1-4BE6-B169-B42DE6F81C3E}.Release|iPhone.Build.0 = Release|Any CPU
		{7D4D976B-E4F1-4BE6-B169-B42DE6F81C3E}.Release|iPhone.Deploy.0 = Release|Any CPU
		{7D4D976B-E4F1-4BE6-B169-B42DE6F81C3E}.Release|iPhoneSimulator.ActiveCfg = Release|Any CPU
		{7D4D976B-E4F1-4BE6-B169-B42DE6F81C3E}.Release|iPhoneSimulator.Build.0 = Release|Any CPU
		{7D4D976B-E4F1-4BE6-B169-B42DE6F81C3E}.Release|iPhoneSimulator.Deploy.0 = Release|Any CPU
		{BA3334FA-62B7-4D03-A3B8-A577529E1DB2}.Ad-Hoc|Any CPU.ActiveCfg = Ad-Hoc|iPhoneSimulator
		{BA3334FA-62B7-4D03-A3B8-A577529E1DB2}.Ad-Hoc|iPhone.ActiveCfg = Ad-Hoc|iPhone
		{BA3334FA-62B7-4D03-A3B8-A577529E1DB2}.Ad-Hoc|iPhone.Build.0 = Ad-Hoc|iPhone
		{BA3334FA-62B7-4D03-A3B8-A577529E1DB2}.Ad-Hoc|iPhoneSimulator.ActiveCfg = Ad-Hoc|iPhoneSimulator
		{BA3334FA-62B7-4D03-A3B8-A577529E1DB2}.Ad-Hoc|iPhoneSimulator.Build.0 = Ad-Hoc|iPhoneSimulator
		{BA3334FA-62B7-4D03-A3B8-A577529E1DB2}.AppStore|Any CPU.ActiveCfg = AppStore|iPhoneSimulator
		{BA3334FA-62B7-4D03-A3B8-A577529E1DB2}.AppStore|iPhone.ActiveCfg = AppStore|iPhone
		{BA3334FA-62B7-4D03-A3B8-A577529E1DB2}.AppStore|iPhone.Build.0 = AppStore|iPhone
		{BA3334FA-62B7-4D03-A3B8-A577529E1DB2}.AppStore|iPhoneSimulator.ActiveCfg = AppStore|iPhoneSimulator
		{BA3334FA-62B7-4D03-A3B8-A577529E1DB2}.AppStore|iPhoneSimulator.Build.0 = AppStore|iPhoneSimulator
		{BA3334FA-62B7-4D03-A3B8-A577529E1DB2}.Debug|Any CPU.ActiveCfg = Debug|iPhoneSimulator
		{BA3334FA-62B7-4D03-A3B8-A577529E1DB2}.Debug|iPhone.ActiveCfg = Debug|iPhone
		{BA3334FA-62B7-4D03-A3B8-A577529E1DB2}.Debug|iPhone.Build.0 = Debug|iPhone
		{BA3334FA-62B7-4D03-A3B8-A577529E1DB2}.Debug|iPhoneSimulator.ActiveCfg = Debug|iPhoneSimulator
		{BA3334FA-62B7-4D03-A3B8-A577529E1DB2}.Debug|iPhoneSimulator.Build.0 = Debug|iPhoneSimulator
		{BA3334FA-62B7-4D03-A3B8-A577529E1DB2}.Release|Any CPU.ActiveCfg = Release|iPhoneSimulator
		{BA3334FA-62B7-4D03-A3B8-A577529E1DB2}.Release|iPhone.ActiveCfg = Release|iPhone
		{BA3334FA-62B7-4D03-A3B8-A577529E1DB2}.Release|iPhone.Build.0 = Release|iPhone
		{BA3334FA-62B7-4D03-A3B8-A577529E1DB2}.Release|iPhoneSimulator.ActiveCfg = Release|iPhoneSimulator
		{BA3334FA-62B7-4D03-A3B8-A577529E1DB2}.Release|iPhoneSimulator.Build.0 = Release|iPhoneSimulator
	EndGlobalSection
	GlobalSection(SolutionProperties) = preSolution
		HideSolutionNode = FALSE
	EndGlobalSection
	GlobalSection(ExtensibilityGlobals) = postSolution
		SolutionGuid = {44631FBF-2AF5-45E5-BD1A-F0F980D0E498}
	EndGlobalSection
EndGlobal
